schema: '2.0'
stages:
  preprocess:
    cmd: python train/data_preprocessing.py
    deps:
    - path: data/iris_full.csv
      hash: md5
      md5: 0c3c078df2ecd4c8da59951772731e84
      size: 4589
    - path: train/data_preprocessing.py
      hash: md5
      md5: 49e82853b3bbcc0e96017cb9ca57aedf
      size: 933
    params:
      params.yaml:
        RANDOM_STATE: 42
        TEST_SIZE: 0.2
    outs:
    - path: data/processed_data.pkl
      hash: md5
      md5: 2baeace00c123efcd7c2fe3a09e69783
      size: 7959
  train:
    cmd: python train/model_training.py
    deps:
    - path: data/processed_data.pkl
      hash: md5
      md5: 2baeace00c123efcd7c2fe3a09e69783
      size: 7959
    - path: train/model_training.py
      hash: md5
      md5: 959e406cfb04404066094ce7922a311c
      size: 622
    params:
      params.yaml:
        RANDOM_STATE: 42
        training:
          mlflow_experiment_name: Iris-Classifier-DVC
          models:
            LogisticRegression:
              C: 1.0
              solver: lbfgs
            RandomForest:
              n_estimators: 100
              max_depth: 10
    outs:
    - path: models
      hash: md5
      md5: e3569aaba617d1b91f4a2aecb90fef21.dir
      size: 2359
      nfiles: 3
