schema: '2.0'
stages:
  preprocess:
    cmd: python train/data_preprocessing.py
    deps:
    - path: data/iris_full.csv
      hash: md5
      md5: 7a5f20b9f4e7dcb96a14ff4c6929e3bf
      size: 4639
    - path: train/data_preprocessing.py
      hash: md5
      md5: 49e82853b3bbcc0e96017cb9ca57aedf
      size: 933
    params:
      params.yaml:
        RANDOM_STATE: 42
        TEST_SIZE: 0.2
    outs:
    - path: data/processed_data.pkl
      hash: md5
      md5: 82c18e3e5a9f7c72d7aad9cd6acedb7e
      size: 8039
  train:
    cmd: python train/model_training.py
    deps:
    - path: data/processed_data.pkl
      hash: md5
      md5: 82c18e3e5a9f7c72d7aad9cd6acedb7e
      size: 8039
    - path: train/model_training.py
      hash: md5
      md5: 959e406cfb04404066094ce7922a311c
      size: 622
    params:
      params.yaml:
        RANDOM_STATE: 42
        training:
          mlflow_experiment_name: Iris-Classifier-DVC
          models:
            LogisticRegression:
              C: 1.0
              solver: lbfgs
            RandomForest:
              n_estimators: 100
              max_depth: 10
    outs:
    - path: models
      hash: md5
      md5: 3e303bfd404608a941bf4488684e8494.dir
      size: 2359
      nfiles: 3
