schema: '2.0'
stages:
  preprocess:
    cmd: python train/data_preprocessing.py
    deps:
    - path: data/iris_full.csv
      hash: md5
      md5: 9b81a5b2beab90b5e381dfb33627d536
      size: 4189
    - path: train/data_preprocessing.py
      hash: md5
      md5: 66665c66368dfcdc3c393041c5380cdb
      size: 804
    params:
      params.yaml:
        RANDOM_STATE: 42
        TEST_SIZE: 0.2
    outs:
    - path: data/processed_data.pkl
      hash: md5
      md5: 1f8836f3d7fe1e5ee0e92cc629ae1530
      size: 7319
  train:
    cmd: python train/model_training.py
    deps:
    - path: data/processed_data.pkl
      hash: md5
      md5: 1f8836f3d7fe1e5ee0e92cc629ae1530
      size: 7319
    - path: train/model_training.py
      hash: md5
      md5: 959e406cfb04404066094ce7922a311c
      size: 622
    params:
      params.yaml:
        RANDOM_STATE: 42
        training:
          mlflow_experiment_name: Iris-Classifier-DVC
          models:
            LogisticRegression:
              C: 1.0
              solver: lbfgs
            RandomForest:
              n_estimators: 100
              max_depth: 10
    outs:
    - path: models
      hash: md5
      md5: e7ccd0366a297a1518edf6ae30e9a790.dir
      size: 2359
      nfiles: 3
